
Microsoft Visual Studio Solution File, Format Version 12.00
# Visual Studio 15
VisualStudioVersion = 15.0.27130.2010
MinimumVisualStudioVersion = 10.0.40219.1
Project("{FAE04EC0-301F-11D3-BF4B-00C04F79EFBC}") = "DiReCT", "DiReCT\DiReCT.csproj", "{02011297-8E73-4984-9A3D-3C61246B70CA}"
EndProject
Project("{FAE04EC0-301F-11D3-BF4B-00C04F79EFBC}") = "SOPObservationRecord", "SOPObservationRecord\SOPObservationRecord.csproj", "{86C44542-DC30-4E2E-9787-4D4E5D1B9F68}"
EndProject
Project("{FAE04EC0-301F-11D3-BF4B-00C04F79EFBC}") = "SOPFlood", "SOPFlood\SOPFlood.csproj", "{332E7973-5B1C-45B3-A56E-D41746327052}"
EndProject
Project("{FAE04EC0-301F-11D3-BF4B-00C04F79EFBC}") = "SOP", "SOP\SOP.csproj", "{70506A7C-2A41-491F-BC90-CCDE93BF9397}"
EndProject
Project("{FAE04EC0-301F-11D3-BF4B-00C04F79EFBC}") = "SOPLandslides", "SOPLandslides\SOPLandslides.csproj", "{C9145F7C-B04F-4405-BA10-592DE0981923}"
EndProject
Project("{FAE04EC0-301F-11D3-BF4B-00C04F79EFBC}") = "DiReCT_wpf", "DiReCTUI\DiReCT\DiReCT_wpf\DiReCT_wpf.csproj", "{461C695E-6A5B-4724-B59D-5FE7E6D142BD}"
EndProject
Project("{FAE04EC0-301F-11D3-BF4B-00C04F79EFBC}") = "AppHost", "DiReCTUI\DiReCT\AppHost\AppHost.csproj", "{E29014EF-B682-4A65-847C-5AC2A8DC457B}"
EndProject
Project("{FAE04EC0-301F-11D3-BF4B-00C04F79EFBC}") = "DiReCT_wf", "DiReCTUI\DiReCT\DiReCT_wf\DiReCT_wf.csproj", "{FE9AFE78-E4A3-4DAD-9A23-3B840C5244EF}"
EndProject
Project("{FAE04EC0-301F-11D3-BF4B-00C04F79EFBC}") = "Logger", "Logger\Logger.csproj", "{52B1D836-EAC5-43E2-B62B-AD21E04096F0}"
EndProject
Project("{FAE04EC0-301F-11D3-BF4B-00C04F79EFBC}") = "DiReCT_Network", "DiReCT_Network\DiReCT_Network.csproj", "{EBC5BB03-34B1-4013-8507-150E10B751FE}"
EndProject
Project("{FAE04EC0-301F-11D3-BF4B-00C04F79EFBC}") = "DiReCT_Server", "DiReCT_Server\DiReCT_Server.csproj", "{691778D9-57D9-48C2-80EE-FC020B5549AE}"
EndProject
Global
	GlobalSection(SolutionConfigurationPlatforms) = preSolution
		Debug|Any CPU = Debug|Any CPU
		Publish|Any CPU = Publish|Any CPU
		Release|Any CPU = Release|Any CPU
	EndGlobalSection
	GlobalSection(ProjectConfigurationPlatforms) = postSolution
		{02011297-8E73-4984-9A3D-3C61246B70CA}.Debug|Any CPU.ActiveCfg = Debug|Any CPU
		{02011297-8E73-4984-9A3D-3C61246B70CA}.Debug|Any CPU.Build.0 = Debug|Any CPU
		{02011297-8E73-4984-9A3D-3C61246B70CA}.Publish|Any CPU.ActiveCfg = Release|Any CPU
		{02011297-8E73-4984-9A3D-3C61246B70CA}.Publish|Any CPU.Build.0 = Release|Any CPU
		{02011297-8E73-4984-9A3D-3C61246B70CA}.Release|Any CPU.ActiveCfg = Release|Any CPU
		{02011297-8E73-4984-9A3D-3C61246B70CA}.Release|Any CPU.Build.0 = Release|Any CPU
		{86C44542-DC30-4E2E-9787-4D4E5D1B9F68}.Debug|Any CPU.ActiveCfg = Debug|Any CPU
		{86C44542-DC30-4E2E-9787-4D4E5D1B9F68}.Debug|Any CPU.Build.0 = Debug|Any CPU
		{86C44542-DC30-4E2E-9787-4D4E5D1B9F68}.Publish|Any CPU.ActiveCfg = Release|Any CPU
		{86C44542-DC30-4E2E-9787-4D4E5D1B9F68}.Publish|Any CPU.Build.0 = Release|Any CPU
		{86C44542-DC30-4E2E-9787-4D4E5D1B9F68}.Release|Any CPU.ActiveCfg = Release|Any CPU
		{86C44542-DC30-4E2E-9787-4D4E5D1B9F68}.Release|Any CPU.Build.0 = Release|Any CPU
		{332E7973-5B1C-45B3-A56E-D41746327052}.Debug|Any CPU.ActiveCfg = Debug|Any CPU
		{332E7973-5B1C-45B3-A56E-D41746327052}.Debug|Any CPU.Build.0 = Debug|Any CPU
		{332E7973-5B1C-45B3-A56E-D41746327052}.Publish|Any CPU.ActiveCfg = Release|Any CPU
		{332E7973-5B1C-45B3-A56E-D41746327052}.Publish|Any CPU.Build.0 = Release|Any CPU
		{332E7973-5B1C-45B3-A56E-D41746327052}.Release|Any CPU.ActiveCfg = Release|Any CPU
		{332E7973-5B1C-45B3-A56E-D41746327052}.Release|Any CPU.Build.0 = Release|Any CPU
		{70506A7C-2A41-491F-BC90-CCDE93BF9397}.Debug|Any CPU.ActiveCfg = Debug|Any CPU
		{70506A7C-2A41-491F-BC90-CCDE93BF9397}.Debug|Any CPU.Build.0 = Debug|Any CPU
		{70506A7C-2A41-491F-BC90-CCDE93BF9397}.Publish|Any CPU.ActiveCfg = Release|Any CPU
		{70506A7C-2A41-491F-BC90-CCDE93BF9397}.Publish|Any CPU.Build.0 = Release|Any CPU
		{70506A7C-2A41-491F-BC90-CCDE93BF9397}.Release|Any CPU.ActiveCfg = Release|Any CPU
		{70506A7C-2A41-491F-BC90-CCDE93BF9397}.Release|Any CPU.Build.0 = Release|Any CPU
		{C9145F7C-B04F-4405-BA10-592DE0981923}.Debug|Any CPU.ActiveCfg = Debug|Any CPU
		{C9145F7C-B04F-4405-BA10-592DE0981923}.Debug|Any CPU.Build.0 = Debug|Any CPU
		{C9145F7C-B04F-4405-BA10-592DE0981923}.Publish|Any CPU.ActiveCfg = Release|Any CPU
		{C9145F7C-B04F-4405-BA10-592DE0981923}.Publish|Any CPU.Build.0 = Release|Any CPU
		{C9145F7C-B04F-4405-BA10-592DE0981923}.Release|Any CPU.ActiveCfg = Release|Any CPU
		{C9145F7C-B04F-4405-BA10-592DE0981923}.Release|Any CPU.Build.0 = Release|Any CPU
		{461C695E-6A5B-4724-B59D-5FE7E6D142BD}.Debug|Any CPU.ActiveCfg = Debug|Any CPU
		{461C695E-6A5B-4724-B59D-5FE7E6D142BD}.Debug|Any CPU.Build.0 = Debug|Any CPU
		{461C695E-6A5B-4724-B59D-5FE7E6D142BD}.Publish|Any CPU.ActiveCfg = Release|Any CPU
		{461C695E-6A5B-4724-B59D-5FE7E6D142BD}.Publish|Any CPU.Build.0 = Release|Any CPU
		{461C695E-6A5B-4724-B59D-5FE7E6D142BD}.Release|Any CPU.ActiveCfg = Release|Any CPU
		{461C695E-6A5B-4724-B59D-5FE7E6D142BD}.Release|Any CPU.Build.0 = Release|Any CPU
		{E29014EF-B682-4A65-847C-5AC2A8DC457B}.Debug|Any CPU.ActiveCfg = Debug|Any CPU
		{E29014EF-B682-4A65-847C-5AC2A8DC457B}.Debug|Any CPU.Build.0 = Debug|Any CPU
		{E29014EF-B682-4A65-847C-5AC2A8DC457B}.Publish|Any CPU.ActiveCfg = Release|Any CPU
		{E29014EF-B682-4A65-847C-5AC2A8DC457B}.Publish|Any CPU.Build.0 = Release|Any CPU
		{E29014EF-B682-4A65-847C-5AC2A8DC457B}.Release|Any CPU.ActiveCfg = Release|Any CPU
		{E29014EF-B682-4A65-847C-5AC2A8DC457B}.Release|Any CPU.Build.0 = Release|Any CPU
		{FE9AFE78-E4A3-4DAD-9A23-3B840C5244EF}.Debug|Any CPU.ActiveCfg = Debug|Any CPU
		{FE9AFE78-E4A3-4DAD-9A23-3B840C5244EF}.Debug|Any CPU.Build.0 = Debug|Any CPU
		{FE9AFE78-E4A3-4DAD-9A23-3B840C5244EF}.Publish|Any CPU.ActiveCfg = Release|Any CPU
		{FE9AFE78-E4A3-4DAD-9A23-3B840C5244EF}.Publish|Any CPU.Build.0 = Release|Any CPU
		{FE9AFE78-E4A3-4DAD-9A23-3B840C5244EF}.Release|Any CPU.ActiveCfg = Release|Any CPU
		{FE9AFE78-E4A3-4DAD-9A23-3B840C5244EF}.Release|Any CPU.Build.0 = Release|Any CPU
		{52B1D836-EAC5-43E2-B62B-AD21E04096F0}.Debug|Any CPU.ActiveCfg = Debug|Any CPU
		{52B1D836-EAC5-43E2-B62B-AD21E04096F0}.Debug|Any CPU.Build.0 = Debug|Any CPU
		{52B1D836-EAC5-43E2-B62B-AD21E04096F0}.Publish|Any CPU.ActiveCfg = Release|Any CPU
		{52B1D836-EAC5-43E2-B62B-AD21E04096F0}.Publish|Any CPU.Build.0 = Release|Any CPU
		{52B1D836-EAC5-43E2-B62B-AD21E04096F0}.Release|Any CPU.ActiveCfg = Release|Any CPU
		{52B1D836-EAC5-43E2-B62B-AD21E04096F0}.Release|Any CPU.Build.0 = Release|Any CPU
		{EBC5BB03-34B1-4013-8507-150E10B751FE}.Debug|Any CPU.ActiveCfg = Debug|Any CPU
		{EBC5BB03-34B1-4013-8507-150E10B751FE}.Debug|Any CPU.Build.0 = Debug|Any CPU
		{EBC5BB03-34B1-4013-8507-150E10B751FE}.Publish|Any CPU.ActiveCfg = Release|Any CPU
		{EBC5BB03-34B1-4013-8507-150E10B751FE}.Publish|Any CPU.Build.0 = Release|Any CPU
		{EBC5BB03-34B1-4013-8507-150E10B751FE}.Release|Any CPU.ActiveCfg = Release|Any CPU
		{EBC5BB03-34B1-4013-8507-150E10B751FE}.Release|Any CPU.Build.0 = Release|Any CPU
		{691778D9-57D9-48C2-80EE-FC020B5549AE}.Debug|Any CPU.ActiveCfg = Debug|Any CPU
		{691778D9-57D9-48C2-80EE-FC020B5549AE}.Debug|Any CPU.Build.0 = Debug|Any CPU
		{691778D9-57D9-48C2-80EE-FC020B5549AE}.Publish|Any CPU.ActiveCfg = Release|Any CPU
		{691778D9-57D9-48C2-80EE-FC020B5549AE}.Publish|Any CPU.Build.0 = Release|Any CPU
		{691778D9-57D9-48C2-80EE-FC020B5549AE}.Release|Any CPU.ActiveCfg = Release|Any CPU
		{691778D9-57D9-48C2-80EE-FC020B5549AE}.Release|Any CPU.Build.0 = Release|Any CPU
	EndGlobalSection
	GlobalSection(SolutionProperties) = preSolution
		HideSolutionNode = FALSE
	EndGlobalSection
	GlobalSection(ExtensibilityGlobals) = postSolution
		SolutionGuid = {88D944C5-2FAD-40CF-B97F-717CC3B9D714}
	EndGlobalSection
EndGlobal
