
Microsoft Visual Studio Solution File, Format Version 12.00
# Visual Studio 14
VisualStudioVersion = 14.0.25420.1
MinimumVisualStudioVersion = 10.0.40219.1
Project("{FAE04EC0-301F-11D3-BF4B-00C04F79EFBC}") = "DiReCT", "DiReCT\DiReCT.csproj", "{02011297-8E73-4984-9A3D-3C61246B70CA}"
EndProject
Project("{FAE04EC0-301F-11D3-BF4B-00C04F79EFBC}") = "AppHost", "..\..\DiRect UI\WF_WPF\AppHost.csproj", "{6C10DAAB-3DCB-4C7E-9C17-A838A5A03ED1}"
EndProject
Global
	GlobalSection(SolutionConfigurationPlatforms) = preSolution
		Debug|Any CPU = Debug|Any CPU
		Release|Any CPU = Release|Any CPU
	EndGlobalSection
	GlobalSection(ProjectConfigurationPlatforms) = postSolution
		{02011297-8E73-4984-9A3D-3C61246B70CA}.Debug|Any CPU.ActiveCfg = Debug|Any CPU
		{02011297-8E73-4984-9A3D-3C61246B70CA}.Debug|Any CPU.Build.0 = Debug|Any CPU
		{02011297-8E73-4984-9A3D-3C61246B70CA}.Release|Any CPU.ActiveCfg = Release|Any CPU
		{02011297-8E73-4984-9A3D-3C61246B70CA}.Release|Any CPU.Build.0 = Release|Any CPU
		{6C10DAAB-3DCB-4C7E-9C17-A838A5A03ED1}.Debug|Any CPU.ActiveCfg = Debug|Any CPU
		{6C10DAAB-3DCB-4C7E-9C17-A838A5A03ED1}.Debug|Any CPU.Build.0 = Debug|Any CPU
		{6C10DAAB-3DCB-4C7E-9C17-A838A5A03ED1}.Release|Any CPU.ActiveCfg = Release|Any CPU
		{6C10DAAB-3DCB-4C7E-9C17-A838A5A03ED1}.Release|Any CPU.Build.0 = Release|Any CPU
	EndGlobalSection
	GlobalSection(SolutionProperties) = preSolution
		HideSolutionNode = FALSE
	EndGlobalSection
EndGlobal
